// !$*UTF8*$!
{
	archiveVersion = 1;
	classes = {
	};
	objectVersion = 52;
	objects = {

/* Begin PBXBuildFile section */
		E44A423623EEAB1500512521 /* AppDelegate.swift in Sources */ = {isa = PBXBuildFile; fileRef = E44A423523EEAB1500512521 /* AppDelegate.swift */; };
		E44A423823EEAB1500512521 /* SceneDelegate.swift in Sources */ = {isa = PBXBuildFile; fileRef = E44A423723EEAB1500512521 /* SceneDelegate.swift */; };
		E44A423A23EEAB1500512521 /* ViewController.swift in Sources */ = {isa = PBXBuildFile; fileRef = E44A423923EEAB1500512521 /* ViewController.swift */; };
		E44A423D23EEAB1500512521 /* Main.storyboard in Resources */ = {isa = PBXBuildFile; fileRef = E44A423B23EEAB1500512521 /* Main.storyboard */; };
		E44A423F23EEAB1600512521 /* Assets.xcassets in Resources */ = {isa = PBXBuildFile; fileRef = E44A423E23EEAB1600512521 /* Assets.xcassets */; };
		E44A424223EEAB1600512521 /* LaunchScreen.storyboard in Resources */ = {isa = PBXBuildFile; fileRef = E44A424023EEAB1600512521 /* LaunchScreen.storyboard */; };
		E44A426923EEAE4F00512521 /* DataGatheringStructures.swift in Sources */ = {isa = PBXBuildFile; fileRef = E44A426823EEAE4F00512521 /* DataGatheringStructures.swift */; };
		E4AED5F723EF686200E89A19 /* SnapKit in Frameworks */ = {isa = PBXBuildFile; productRef = E4AED5F623EF686200E89A19 /* SnapKit */; };
		E4AED60423EF696300E89A19 /* DataGatheringModelProtocol.swift in Sources */ = {isa = PBXBuildFile; fileRef = E4AED60323EF696300E89A19 /* DataGatheringModelProtocol.swift */; };
		E4F7049723F029C3005CBFAD /* RxSwift in Frameworks */ = {isa = PBXBuildFile; productRef = E4F7049623F029C3005CBFAD /* RxSwift */; };
		E4F7049923F029C3005CBFAD /* RxCocoa in Frameworks */ = {isa = PBXBuildFile; productRef = E4F7049823F029C3005CBFAD /* RxCocoa */; };
		E4F7049B23F0313D005CBFAD /* PreviewView.swift in Sources */ = {isa = PBXBuildFile; fileRef = E4F7049A23F0313D005CBFAD /* PreviewView.swift */; };
/* End PBXBuildFile section */

/* Begin PBXFileReference section */
		E44A423223EEAB1500512521 /* EyeDataGatheringApp.app */ = {isa = PBXFileReference; explicitFileType = wrapper.application; includeInIndex = 0; path = EyeDataGatheringApp.app; sourceTree = BUILT_PRODUCTS_DIR; };
		E44A423523EEAB1500512521 /* AppDelegate.swift */ = {isa = PBXFileReference; lastKnownFileType = sourcecode.swift; path = AppDelegate.swift; sourceTree = "<group>"; };
		E44A423723EEAB1500512521 /* SceneDelegate.swift */ = {isa = PBXFileReference; lastKnownFileType = sourcecode.swift; path = SceneDelegate.swift; sourceTree = "<group>"; };
		E44A423923EEAB1500512521 /* ViewController.swift */ = {isa = PBXFileReference; lastKnownFileType = sourcecode.swift; path = ViewController.swift; sourceTree = "<group>"; };
		E44A423C23EEAB1500512521 /* Base */ = {isa = PBXFileReference; lastKnownFileType = file.storyboard; name = Base; path = Base.lproj/Main.storyboard; sourceTree = "<group>"; };
		E44A423E23EEAB1600512521 /* Assets.xcassets */ = {isa = PBXFileReference; lastKnownFileType = folder.assetcatalog; path = Assets.xcassets; sourceTree = "<group>"; };
		E44A424123EEAB1600512521 /* Base */ = {isa = PBXFileReference; lastKnownFileType = file.storyboard; name = Base; path = Base.lproj/LaunchScreen.storyboard; sourceTree = "<group>"; };
		E44A424323EEAB1600512521 /* Info.plist */ = {isa = PBXFileReference; lastKnownFileType = text.plist.xml; path = Info.plist; sourceTree = "<group>"; };
		E44A426823EEAE4F00512521 /* DataGatheringStructures.swift */ = {isa = PBXFileReference; lastKnownFileType = sourcecode.swift; path = DataGatheringStructures.swift; sourceTree = "<group>"; };
		E4AED60323EF696300E89A19 /* DataGatheringModelProtocol.swift */ = {isa = PBXFileReference; lastKnownFileType = sourcecode.swift; path = DataGatheringModelProtocol.swift; sourceTree = "<group>"; };
		E4AED60623F0218A00E89A19 /* XCTest.framework */ = {isa = PBXFileReference; lastKnownFileType = wrapper.framework; name = XCTest.framework; path = Platforms/iPhoneOS.platform/Developer/Library/Frameworks/XCTest.framework; sourceTree = DEVELOPER_DIR; };
		E4F7049A23F0313D005CBFAD /* PreviewView.swift */ = {isa = PBXFileReference; lastKnownFileType = sourcecode.swift; path = PreviewView.swift; sourceTree = "<group>"; };
/* End PBXFileReference section */

/* Begin PBXFrameworksBuildPhase section */
		E44A422F23EEAB1500512521 /* Frameworks */ = {
			isa = PBXFrameworksBuildPhase;
			buildActionMask = 2147483647;
			files = (
				E4F7049923F029C3005CBFAD /* RxCocoa in Frameworks */,
				E4F7049723F029C3005CBFAD /* RxSwift in Frameworks */,
				E4AED5F723EF686200E89A19 /* SnapKit in Frameworks */,
			);
			runOnlyForDeploymentPostprocessing = 0;
		};
/* End PBXFrameworksBuildPhase section */

/* Begin PBXGroup section */
		E44A422923EEAB1500512521 = {
			isa = PBXGroup;
			children = (
				E44A423423EEAB1500512521 /* EyeDataGatheringApp */,
				E44A423323EEAB1500512521 /* Products */,
				E4AED60523F0218A00E89A19 /* Frameworks */,
			);
			sourceTree = "<group>";
		};
		E44A423323EEAB1500512521 /* Products */ = {
			isa = PBXGroup;
			children = (
				E44A423223EEAB1500512521 /* EyeDataGatheringApp.app */,
			);
			name = Products;
			sourceTree = "<group>";
		};
		E44A423423EEAB1500512521 /* EyeDataGatheringApp */ = {
			isa = PBXGroup;
			children = (
				E44A426723EEAE2400512521 /* Model */,
				E44A426623EEAE1D00512521 /* ViewModel */,
				E44A426523EEAE1000512521 /* View */,
				E44A423523EEAB1500512521 /* AppDelegate.swift */,
				E44A423723EEAB1500512521 /* SceneDelegate.swift */,
				E44A423B23EEAB1500512521 /* Main.storyboard */,
				E44A423E23EEAB1600512521 /* Assets.xcassets */,
				E44A424023EEAB1600512521 /* LaunchScreen.storyboard */,
				E44A424323EEAB1600512521 /* Info.plist */,
			);
			path = EyeDataGatheringApp;
			sourceTree = "<group>";
		};
		E44A426523EEAE1000512521 /* View */ = {
			isa = PBXGroup;
			children = (
				E44A423923EEAB1500512521 /* ViewController.swift */,
				E4F7049A23F0313D005CBFAD /* PreviewView.swift */,
			);
			path = View;
			sourceTree = "<group>";
		};
		E44A426623EEAE1D00512521 /* ViewModel */ = {
			isa = PBXGroup;
			children = (
			);
			path = ViewModel;
			sourceTree = "<group>";
		};
		E44A426723EEAE2400512521 /* Model */ = {
			isa = PBXGroup;
			children = (
				E44A426823EEAE4F00512521 /* DataGatheringStructures.swift */,
				E4AED60323EF696300E89A19 /* DataGatheringModelProtocol.swift */,
			);
			path = Model;
			sourceTree = "<group>";
		};
		E4AED60523F0218A00E89A19 /* Frameworks */ = {
			isa = PBXGroup;
			children = (
				E4AED60623F0218A00E89A19 /* XCTest.framework */,
			);
			name = Frameworks;
			sourceTree = "<group>";
		};
/* End PBXGroup section */

/* Begin PBXNativeTarget section */
		E44A423123EEAB1500512521 /* EyeDataGatheringApp */ = {
			isa = PBXNativeTarget;
			buildConfigurationList = E44A425C23EEAB1600512521 /* Build configuration list for PBXNativeTarget "EyeDataGatheringApp" */;
			buildPhases = (
				E44A422E23EEAB1500512521 /* Sources */,
				E44A422F23EEAB1500512521 /* Frameworks */,
				E44A423023EEAB1500512521 /* Resources */,
			);
			buildRules = (
			);
			dependencies = (
			);
			name = EyeDataGatheringApp;
			packageProductDependencies = (
				E4AED5F623EF686200E89A19 /* SnapKit */,
				E4F7049623F029C3005CBFAD /* RxSwift */,
				E4F7049823F029C3005CBFAD /* RxCocoa */,
			);
			productName = EyeDataGatheringApp;
			productReference = E44A423223EEAB1500512521 /* EyeDataGatheringApp.app */;
			productType = "com.apple.product-type.application";
		};
/* End PBXNativeTarget section */

/* Begin PBXProject section */
		E44A422A23EEAB1500512521 /* Project object */ = {
			isa = PBXProject;
			attributes = {
				LastSwiftUpdateCheck = 1130;
				LastUpgradeCheck = 1130;
				ORGANIZATIONNAME = "Bratislav Ljubisic";
				TargetAttributes = {
					E44A423123EEAB1500512521 = {
						CreatedOnToolsVersion = 11.3.1;
					};
				};
			};
			buildConfigurationList = E44A422D23EEAB1500512521 /* Build configuration list for PBXProject "EyeDataGatheringApp" */;
			compatibilityVersion = "Xcode 9.3";
			developmentRegion = en;
			hasScannedForEncodings = 0;
			knownRegions = (
				en,
				Base,
			);
			mainGroup = E44A422923EEAB1500512521;
			packageReferences = (
				E4AED5F523EF686100E89A19 /* XCRemoteSwiftPackageReference "SnapKit" */,
				E4F7049523F029C3005CBFAD /* XCRemoteSwiftPackageReference "RxSwift" */,
			);
			productRefGroup = E44A423323EEAB1500512521 /* Products */;
			projectDirPath = "";
			projectRoot = "";
			targets = (
				E44A423123EEAB1500512521 /* EyeDataGatheringApp */,
			);
		};
/* End PBXProject section */

/* Begin PBXResourcesBuildPhase section */
		E44A423023EEAB1500512521 /* Resources */ = {
			isa = PBXResourcesBuildPhase;
			buildActionMask = 2147483647;
			files = (
				E44A424223EEAB1600512521 /* LaunchScreen.storyboard in Resources */,
				E44A423F23EEAB1600512521 /* Assets.xcassets in Resources */,
				E44A423D23EEAB1500512521 /* Main.storyboard in Resources */,
			);
			runOnlyForDeploymentPostprocessing = 0;
		};
/* End PBXResourcesBuildPhase section */

/* Begin PBXSourcesBuildPhase section */
		E44A422E23EEAB1500512521 /* Sources */ = {
			isa = PBXSourcesBuildPhase;
			buildActionMask = 2147483647;
			files = (
				E44A423A23EEAB1500512521 /* ViewController.swift in Sources */,
				E44A423623EEAB1500512521 /* AppDelegate.swift in Sources */,
				E44A423823EEAB1500512521 /* SceneDelegate.swift in Sources */,
				E4AED60423EF696300E89A19 /* DataGatheringModelProtocol.swift in Sources */,
				E44A426923EEAE4F00512521 /* DataGatheringStructures.swift in Sources */,
				E4F7049B23F0313D005CBFAD /* PreviewView.swift in Sources */,
			);
			runOnlyForDeploymentPostprocessing = 0;
		};
/* End PBXSourcesBuildPhase section */

/* Begin PBXVariantGroup section */
		E44A423B23EEAB1500512521 /* Main.storyboard */ = {
			isa = PBXVariantGroup;
			children = (
				E44A423C23EEAB1500512521 /* Base */,
			);
			name = Main.storyboard;
			sourceTree = "<group>";
		};
		E44A424023EEAB1600512521 /* LaunchScreen.storyboard */ = {
			isa = PBXVariantGroup;
			children = (
				E44A424123EEAB1600512521 /* Base */,
			);
			name = LaunchScreen.storyboard;
			sourceTree = "<group>";
		};
/* End PBXVariantGroup section */

/* Begin XCBuildConfiguration section */
		E44A425A23EEAB1600512521 /* Debug */ = {
			isa = XCBuildConfiguration;
			buildSettings = {
				ALWAYS_SEARCH_USER_PATHS = NO;
				CLANG_ANALYZER_NONNULL = YES;
				CLANG_ANALYZER_NUMBER_OBJECT_CONVERSION = YES_AGGRESSIVE;
				CLANG_CXX_LANGUAGE_STANDARD = "gnu++14";
				CLANG_CXX_LIBRARY = "libc++";
				CLANG_ENABLE_MODULES = YES;
				CLANG_ENABLE_OBJC_ARC = YES;
				CLANG_ENABLE_OBJC_WEAK = YES;
				CLANG_WARN_BLOCK_CAPTURE_AUTORELEASING = YES;
				CLANG_WARN_BOOL_CONVERSION = YES;
				CLANG_WARN_COMMA = YES;
				CLANG_WARN_CONSTANT_CONVERSION = YES;
				CLANG_WARN_DEPRECATED_OBJC_IMPLEMENTATIONS = YES;
				CLANG_WARN_DIRECT_OBJC_ISA_USAGE = YES_ERROR;
				CLANG_WARN_DOCUMENTATION_COMMENTS = YES;
				CLANG_WARN_EMPTY_BODY = YES;
				CLANG_WARN_ENUM_CONVERSION = YES;
				CLANG_WARN_INFINITE_RECURSION = YES;
				CLANG_WARN_INT_CONVERSION = YES;
				CLANG_WARN_NON_LITERAL_NULL_CONVERSION = YES;
				CLANG_WARN_OBJC_IMPLICIT_RETAIN_SELF = YES;
				CLANG_WARN_OBJC_LITERAL_CONVERSION = YES;
				CLANG_WARN_OBJC_ROOT_CLASS = YES_ERROR;
				CLANG_WARN_RANGE_LOOP_ANALYSIS = YES;
				CLANG_WARN_STRICT_PROTOTYPES = YES;
				CLANG_WARN_SUSPICIOUS_MOVE = YES;
				CLANG_WARN_UNGUARDED_AVAILABILITY = YES_AGGRESSIVE;
				CLANG_WARN_UNREACHABLE_CODE = YES;
				CLANG_WARN__DUPLICATE_METHOD_MATCH = YES;
				COPY_PHASE_STRIP = NO;
				DEBUG_INFORMATION_FORMAT = dwarf;
				ENABLE_STRICT_OBJC_MSGSEND = YES;
				ENABLE_TESTABILITY = YES;
				GCC_C_LANGUAGE_STANDARD = gnu11;
				GCC_DYNAMIC_NO_PIC = NO;
				GCC_NO_COMMON_BLOCKS = YES;
				GCC_OPTIMIZATION_LEVEL = 0;
				GCC_PREPROCESSOR_DEFINITIONS = (
					"DEBUG=1",
					"$(inherited)",
				);
				GCC_WARN_64_TO_32_BIT_CONVERSION = YES;
				GCC_WARN_ABOUT_RETURN_TYPE = YES_ERROR;
				GCC_WARN_UNDECLARED_SELECTOR = YES;
				GCC_WARN_UNINITIALIZED_AUTOS = YES_AGGRESSIVE;
				GCC_WARN_UNUSED_FUNCTION = YES;
				GCC_WARN_UNUSED_VARIABLE = YES;
				IPHONEOS_DEPLOYMENT_TARGET = 13.2;
				MTL_ENABLE_DEBUG_INFO = INCLUDE_SOURCE;
				MTL_FAST_MATH = YES;
				ONLY_ACTIVE_ARCH = YES;
				SDKROOT = iphoneos;
				SWIFT_ACTIVE_COMPILATION_CONDITIONS = DEBUG;
				SWIFT_OPTIMIZATION_LEVEL = "-Onone";
			};
			name = Debug;
		};
		E44A425B23EEAB1600512521 /* Release */ = {
			isa = XCBuildConfiguration;
			buildSettings = {
				ALWAYS_SEARCH_USER_PATHS = NO;
				CLANG_ANALYZER_NONNULL = YES;
				CLANG_ANALYZER_NUMBER_OBJECT_CONVERSION = YES_AGGRESSIVE;
				CLANG_CXX_LANGUAGE_STANDARD = "gnu++14";
				CLANG_CXX_LIBRARY = "libc++";
				CLANG_ENABLE_MODULES = YES;
				CLANG_ENABLE_OBJC_ARC = YES;
				CLANG_ENABLE_OBJC_WEAK = YES;
				CLANG_WARN_BLOCK_CAPTURE_AUTORELEASING = YES;
				CLANG_WARN_BOOL_CONVERSION = YES;
				CLANG_WARN_COMMA = YES;
				CLANG_WARN_CONSTANT_CONVERSION = YES;
				CLANG_WARN_DEPRECATED_OBJC_IMPLEMENTATIONS = YES;
				CLANG_WARN_DIRECT_OBJC_ISA_USAGE = YES_ERROR;
				CLANG_WARN_DOCUMENTATION_COMMENTS = YES;
				CLANG_WARN_EMPTY_BODY = YES;
				CLANG_WARN_ENUM_CONVERSION = YES;
				CLANG_WARN_INFINITE_RECURSION = YES;
				CLANG_WARN_INT_CONVERSION = YES;
				CLANG_WARN_NON_LITERAL_NULL_CONVERSION = YES;
				CLANG_WARN_OBJC_IMPLICIT_RETAIN_SELF = YES;
				CLANG_WARN_OBJC_LITERAL_CONVERSION = YES;
				CLANG_WARN_OBJC_ROOT_CLASS = YES_ERROR;
				CLANG_WARN_RANGE_LOOP_ANALYSIS = YES;
				CLANG_WARN_STRICT_PROTOTYPES = YES;
				CLANG_WARN_SUSPICIOUS_MOVE = YES;
				CLANG_WARN_UNGUARDED_AVAILABILITY = YES_AGGRESSIVE;
				CLANG_WARN_UNREACHABLE_CODE = YES;
				CLANG_WARN__DUPLICATE_METHOD_MATCH = YES;
				COPY_PHASE_STRIP = NO;
				DEBUG_INFORMATION_FORMAT = "dwarf-with-dsym";
				ENABLE_NS_ASSERTIONS = NO;
				ENABLE_STRICT_OBJC_MSGSEND = YES;
				GCC_C_LANGUAGE_STANDARD = gnu11;
				GCC_NO_COMMON_BLOCKS = YES;
				GCC_WARN_64_TO_32_BIT_CONVERSION = YES;
				GCC_WARN_ABOUT_RETURN_TYPE = YES_ERROR;
				GCC_WARN_UNDECLARED_SELECTOR = YES;
				GCC_WARN_UNINITIALIZED_AUTOS = YES_AGGRESSIVE;
				GCC_WARN_UNUSED_FUNCTION = YES;
				GCC_WARN_UNUSED_VARIABLE = YES;
				IPHONEOS_DEPLOYMENT_TARGET = 13.2;
				MTL_ENABLE_DEBUG_INFO = NO;
				MTL_FAST_MATH = YES;
				SDKROOT = iphoneos;
				SWIFT_COMPILATION_MODE = wholemodule;
				SWIFT_OPTIMIZATION_LEVEL = "-O";
				VALIDATE_PRODUCT = YES;
			};
			name = Release;
		};
		E44A425D23EEAB1600512521 /* Debug */ = {
			isa = XCBuildConfiguration;
			buildSettings = {
				ASSETCATALOG_COMPILER_APPICON_NAME = AppIcon;
				CODE_SIGN_STYLE = Automatic;
				DEVELOPMENT_TEAM = ENT89NLKC9;
				INFOPLIST_FILE = EyeDataGatheringApp/Info.plist;
				LD_RUNPATH_SEARCH_PATHS = (
					"$(inherited)",
					"@executable_path/Frameworks",
				);
				PRODUCT_BUNDLE_IDENTIFIER = com.persukibo.EyeDataGatheringApp;
				PRODUCT_NAME = "$(TARGET_NAME)";
				SWIFT_VERSION = 5.0;
				TARGETED_DEVICE_FAMILY = "1,2";
			};
			name = Debug;
		};
		E44A425E23EEAB1600512521 /* Release */ = {
			isa = XCBuildConfiguration;
			buildSettings = {
				ASSETCATALOG_COMPILER_APPICON_NAME = AppIcon;
				CODE_SIGN_STYLE = Automatic;
				DEVELOPMENT_TEAM = ENT89NLKC9;
				INFOPLIST_FILE = EyeDataGatheringApp/Info.plist;
				LD_RUNPATH_SEARCH_PATHS = (
					"$(inherited)",
					"@executable_path/Frameworks",
				);
				PRODUCT_BUNDLE_IDENTIFIER = com.persukibo.EyeDataGatheringApp;
				PRODUCT_NAME = "$(TARGET_NAME)";
				SWIFT_VERSION = 5.0;
				TARGETED_DEVICE_FAMILY = "1,2";
			};
			name = Release;
		};
/* End XCBuildConfiguration section */

/* Begin XCConfigurationList section */
		E44A422D23EEAB1500512521 /* Build configuration list for PBXProject "EyeDataGatheringApp" */ = {
			isa = XCConfigurationList;
			buildConfigurations = (
				E44A425A23EEAB1600512521 /* Debug */,
				E44A425B23EEAB1600512521 /* Release */,
			);
			defaultConfigurationIsVisible = 0;
			defaultConfigurationName = Release;
		};
		E44A425C23EEAB1600512521 /* Build configuration list for PBXNativeTarget "EyeDataGatheringApp" */ = {
			isa = XCConfigurationList;
			buildConfigurations = (
				E44A425D23EEAB1600512521 /* Debug */,
				E44A425E23EEAB1600512521 /* Release */,
			);
			defaultConfigurationIsVisible = 0;
			defaultConfigurationName = Release;
		};
/* End XCConfigurationList section */

/* Begin XCRemoteSwiftPackageReference section */
		E4AED5F523EF686100E89A19 /* XCRemoteSwiftPackageReference "SnapKit" */ = {
			isa = XCRemoteSwiftPackageReference;
			repositoryURL = "https://github.com/SnapKit/SnapKit";
			requirement = {
				kind = upToNextMajorVersion;
				minimumVersion = 5.0.1;
			};
		};
		E4F7049523F029C3005CBFAD /* XCRemoteSwiftPackageReference "RxSwift" */ = {
			isa = XCRemoteSwiftPackageReference;
			repositoryURL = "https://github.com/ReactiveX/RxSwift";
			requirement = {
				kind = upToNextMajorVersion;
				minimumVersion = 5.0.1;
			};
		};
/* End XCRemoteSwiftPackageReference section */

/* Begin XCSwiftPackageProductDependency section */
		E4AED5F623EF686200E89A19 /* SnapKit */ = {
			isa = XCSwiftPackageProductDependency;
			package = E4AED5F523EF686100E89A19 /* XCRemoteSwiftPackageReference "SnapKit" */;
			productName = SnapKit;
		};
		E4F7049623F029C3005CBFAD /* RxSwift */ = {
			isa = XCSwiftPackageProductDependency;
			package = E4F7049523F029C3005CBFAD /* XCRemoteSwiftPackageReference "RxSwift" */;
			productName = RxSwift;
		};
		E4F7049823F029C3005CBFAD /* RxCocoa */ = {
			isa = XCSwiftPackageProductDependency;
			package = E4F7049523F029C3005CBFAD /* XCRemoteSwiftPackageReference "RxSwift" */;
			productName = RxCocoa;
		};
/* End XCSwiftPackageProductDependency section */
	};
	rootObject = E44A422A23EEAB1500512521 /* Project object */;
}
